
Microsoft Visual Studio Solution File, Format Version 12.00
# Visual Studio Version 17
VisualStudioVersion = 17.11.35327.3
MinimumVisualStudioVersion = 10.0.40219.1
Project("{2150E333-8FDC-42A3-9474-1A3956D46DE8}") = "css", "css", "{16B7B81E-9463-404A-B896-3C8AAA884B7B}"
	ProjectSection(SolutionItems) = preProject
		Styles.css = Styles.css
	EndProjectSection
EndProject
Project("{2150E333-8FDC-42A3-9474-1A3956D46DE8}") = "js", "js", "{055DE6D1-46D7-400D-9C5F-C2B59CFDDDFB}"
	ProjectSection(SolutionItems) = preProject
		oyun.js = oyun.js
	EndProjectSection
EndProject
Project("{2150E333-8FDC-42A3-9474-1A3956D46DE8}") = "Çözüm Öğeleri", "Çözüm Öğeleri", "{98E2D2EC-5260-4A0B-A7A1-DD501379C3C1}"
	ProjectSection(SolutionItems) = preProject
		index.html = index.html
		iletisim.html = iletisim.html
		hakkinda.html = hakkinda.html
		oyun.html = oyun.html
		turler.html = turler.html
	EndProjectSection
EndProject
Project("{2150E333-8FDC-42A3-9474-1A3956D46DE8}") = "turler.html", "turler.html", "{702A3B13-24E1-4D78-9957-483F6FB6D70C}"
	ProjectSection(SolutionItems) = preProject
		balet.html = balet.html
		hiphop.html = hiphop.html
		salsa.html = salsa.html
		tango.html = tango.html
	EndProjectSection
EndProject
Global
	GlobalSection(SolutionProperties) = preSolution
		HideSolutionNode = FALSE
	EndGlobalSection
	GlobalSection(ExtensibilityGlobals) = postSolution
		SolutionGuid = {5BEA0E41-55CB-47AA-8B65-518279F02175}
	EndGlobalSection
EndGlobal
